
Microsoft Visual Studio Solution File, Format Version 12.00
# Visual Studio Version 17
VisualStudioVersion = 17.4.33205.214
MinimumVisualStudioVersion = 10.0.40219.1
Project("{8BC9CEB8-8B4A-11D0-8D11-00A0C91BC942}") = "Problem-5622", "Problem-5622\Problem-5622.vcxproj", "{62299333-D6FD-49F1-BEF5-0CA0F92CF77A}"
EndProject
Global
	GlobalSection(SolutionConfigurationPlatforms) = preSolution
		Debug|x64 = Debug|x64
		Debug|x86 = Debug|x86
		Release|x64 = Release|x64
		Release|x86 = Release|x86
	EndGlobalSection
	GlobalSection(ProjectConfigurationPlatforms) = postSolution
		{62299333-D6FD-49F1-BEF5-0CA0F92CF77A}.Debug|x64.ActiveCfg = Debug|x64
		{62299333-D6FD-49F1-BEF5-0CA0F92CF77A}.Debug|x64.Build.0 = Debug|x64
		{62299333-D6FD-49F1-BEF5-0CA0F92CF77A}.Debug|x86.ActiveCfg = Debug|Win32
		{62299333-D6FD-49F1-BEF5-0CA0F92CF77A}.Debug|x86.Build.0 = Debug|Win32
		{62299333-D6FD-49F1-BEF5-0CA0F92CF77A}.Release|x64.ActiveCfg = Release|x64
		{62299333-D6FD-49F1-BEF5-0CA0F92CF77A}.Release|x64.Build.0 = Release|x64
		{62299333-D6FD-49F1-BEF5-0CA0F92CF77A}.Release|x86.ActiveCfg = Release|Win32
		{62299333-D6FD-49F1-BEF5-0CA0F92CF77A}.Release|x86.Build.0 = Release|Win32
	EndGlobalSection
	GlobalSection(SolutionProperties) = preSolution
		HideSolutionNode = FALSE
	EndGlobalSection
	GlobalSection(ExtensibilityGlobals) = postSolution
		SolutionGuid = {E2E848B3-895E-433D-821B-7E3D5EFE49D9}
	EndGlobalSection
EndGlobal
