
Microsoft Visual Studio Solution File, Format Version 12.00
# Visual Studio Version 17
VisualStudioVersion = 17.4.33205.214
MinimumVisualStudioVersion = 10.0.40219.1
Project("{8BC9CEB8-8B4A-11D0-8D11-00A0C91BC942}") = "Problem-18870", "Problem-18870\Problem-18870.vcxproj", "{C363D005-CA4A-44B9-8EE3-9AA0F8E79365}"
EndProject
Global
	GlobalSection(SolutionConfigurationPlatforms) = preSolution
		Debug|x64 = Debug|x64
		Debug|x86 = Debug|x86
		Release|x64 = Release|x64
		Release|x86 = Release|x86
	EndGlobalSection
	GlobalSection(ProjectConfigurationPlatforms) = postSolution
		{C363D005-CA4A-44B9-8EE3-9AA0F8E79365}.Debug|x64.ActiveCfg = Debug|x64
		{C363D005-CA4A-44B9-8EE3-9AA0F8E79365}.Debug|x64.Build.0 = Debug|x64
		{C363D005-CA4A-44B9-8EE3-9AA0F8E79365}.Debug|x86.ActiveCfg = Debug|Win32
		{C363D005-CA4A-44B9-8EE3-9AA0F8E79365}.Debug|x86.Build.0 = Debug|Win32
		{C363D005-CA4A-44B9-8EE3-9AA0F8E79365}.Release|x64.ActiveCfg = Release|x64
		{C363D005-CA4A-44B9-8EE3-9AA0F8E79365}.Release|x64.Build.0 = Release|x64
		{C363D005-CA4A-44B9-8EE3-9AA0F8E79365}.Release|x86.ActiveCfg = Release|Win32
		{C363D005-CA4A-44B9-8EE3-9AA0F8E79365}.Release|x86.Build.0 = Release|Win32
	EndGlobalSection
	GlobalSection(SolutionProperties) = preSolution
		HideSolutionNode = FALSE
	EndGlobalSection
	GlobalSection(ExtensibilityGlobals) = postSolution
		SolutionGuid = {F6DD24D6-5496-4F12-8F4F-2848A7EC8C19}
	EndGlobalSection
EndGlobal
