
Microsoft Visual Studio Solution File, Format Version 12.00
# Visual Studio Version 17
VisualStudioVersion = 17.4.33205.214
MinimumVisualStudioVersion = 10.0.40219.1
Project("{8BC9CEB8-8B4A-11D0-8D11-00A0C91BC942}") = "Problem-4344", "Problem-4344\Problem-4344.vcxproj", "{96D49F09-286B-4A8C-A855-76C3B87FAB02}"
EndProject
Global
	GlobalSection(SolutionConfigurationPlatforms) = preSolution
		Debug|x64 = Debug|x64
		Debug|x86 = Debug|x86
		Release|x64 = Release|x64
		Release|x86 = Release|x86
	EndGlobalSection
	GlobalSection(ProjectConfigurationPlatforms) = postSolution
		{96D49F09-286B-4A8C-A855-76C3B87FAB02}.Debug|x64.ActiveCfg = Debug|x64
		{96D49F09-286B-4A8C-A855-76C3B87FAB02}.Debug|x64.Build.0 = Debug|x64
		{96D49F09-286B-4A8C-A855-76C3B87FAB02}.Debug|x86.ActiveCfg = Debug|Win32
		{96D49F09-286B-4A8C-A855-76C3B87FAB02}.Debug|x86.Build.0 = Debug|Win32
		{96D49F09-286B-4A8C-A855-76C3B87FAB02}.Release|x64.ActiveCfg = Release|x64
		{96D49F09-286B-4A8C-A855-76C3B87FAB02}.Release|x64.Build.0 = Release|x64
		{96D49F09-286B-4A8C-A855-76C3B87FAB02}.Release|x86.ActiveCfg = Release|Win32
		{96D49F09-286B-4A8C-A855-76C3B87FAB02}.Release|x86.Build.0 = Release|Win32
	EndGlobalSection
	GlobalSection(SolutionProperties) = preSolution
		HideSolutionNode = FALSE
	EndGlobalSection
	GlobalSection(ExtensibilityGlobals) = postSolution
		SolutionGuid = {F76C4148-CD25-4B24-97A3-E1F15FE3FA84}
	EndGlobalSection
EndGlobal
